
Microsoft Visual Studio Solution File, Format Version 12.00
# Visual Studio Version 17
VisualStudioVersion = 17.0.31903.59
MinimumVisualStudioVersion = 10.0.40219.1
Project("{2150E333-8FDC-42A3-9474-1A3956D46DE8}") = "Apps", "Apps", "{9C57B5AA-C3DF-4500-8F0E-806780A118DF}"
EndProject
Project("{FAE04EC0-301F-11D3-BF4B-00C04F79EFBC}") = "Avita.Identity", "Apps\Avita.Identity\Avita.Identity.csproj", "{CA12C6F1-355B-498B-8475-FC08496B04FE}"
EndProject
Project("{FAE04EC0-301F-11D3-BF4B-00C04F79EFBC}") = "Avita.Bootstraper", "Apps\Avita.Bootstraper\Avita.Bootstraper.csproj", "{09493989-DE98-4913-AE52-A032FB004214}"
EndProject
Project("{2150E333-8FDC-42A3-9474-1A3956D46DE8}") = "Libraries", "Libraries", "{5EBF74EC-6536-467D-BBAB-033D6F1577CA}"
EndProject
Project("{FAE04EC0-301F-11D3-BF4B-00C04F79EFBC}") = "Avita.Data", "Libraries\Avita.Data\Avita.Data.csproj", "{493A26D1-FA7C-427E-BB05-313EA9E6EA84}"
EndProject
Project("{FAE04EC0-301F-11D3-BF4B-00C04F79EFBC}") = "Avita.Models", "Libraries\Avita.Models\Avita.Models.csproj", "{B12AA681-14AA-435B-9214-C565E5DF7910}"
EndProject
Project("{FAE04EC0-301F-11D3-BF4B-00C04F79EFBC}") = "Avita.Infrastructure", "Libraries\Avita.Infrastructure\Avita.Infrastructure.csproj", "{A694AE2C-5ABF-460F-B96D-0AC35D41FC57}"
EndProject
Global
	GlobalSection(SolutionConfigurationPlatforms) = preSolution
		Debug|Any CPU = Debug|Any CPU
		Release|Any CPU = Release|Any CPU
	EndGlobalSection
	GlobalSection(SolutionProperties) = preSolution
		HideSolutionNode = FALSE
	EndGlobalSection
	GlobalSection(ProjectConfigurationPlatforms) = postSolution
		{CA12C6F1-355B-498B-8475-FC08496B04FE}.Debug|Any CPU.ActiveCfg = Debug|Any CPU
		{CA12C6F1-355B-498B-8475-FC08496B04FE}.Debug|Any CPU.Build.0 = Debug|Any CPU
		{CA12C6F1-355B-498B-8475-FC08496B04FE}.Release|Any CPU.ActiveCfg = Release|Any CPU
		{CA12C6F1-355B-498B-8475-FC08496B04FE}.Release|Any CPU.Build.0 = Release|Any CPU
		{09493989-DE98-4913-AE52-A032FB004214}.Debug|Any CPU.ActiveCfg = Debug|Any CPU
		{09493989-DE98-4913-AE52-A032FB004214}.Debug|Any CPU.Build.0 = Debug|Any CPU
		{09493989-DE98-4913-AE52-A032FB004214}.Release|Any CPU.ActiveCfg = Release|Any CPU
		{09493989-DE98-4913-AE52-A032FB004214}.Release|Any CPU.Build.0 = Release|Any CPU
		{493A26D1-FA7C-427E-BB05-313EA9E6EA84}.Debug|Any CPU.ActiveCfg = Debug|Any CPU
		{493A26D1-FA7C-427E-BB05-313EA9E6EA84}.Debug|Any CPU.Build.0 = Debug|Any CPU
		{493A26D1-FA7C-427E-BB05-313EA9E6EA84}.Release|Any CPU.ActiveCfg = Release|Any CPU
		{493A26D1-FA7C-427E-BB05-313EA9E6EA84}.Release|Any CPU.Build.0 = Release|Any CPU
		{B12AA681-14AA-435B-9214-C565E5DF7910}.Debug|Any CPU.ActiveCfg = Debug|Any CPU
		{B12AA681-14AA-435B-9214-C565E5DF7910}.Debug|Any CPU.Build.0 = Debug|Any CPU
		{B12AA681-14AA-435B-9214-C565E5DF7910}.Release|Any CPU.ActiveCfg = Release|Any CPU
		{B12AA681-14AA-435B-9214-C565E5DF7910}.Release|Any CPU.Build.0 = Release|Any CPU
		{A694AE2C-5ABF-460F-B96D-0AC35D41FC57}.Debug|Any CPU.ActiveCfg = Debug|Any CPU
		{A694AE2C-5ABF-460F-B96D-0AC35D41FC57}.Debug|Any CPU.Build.0 = Debug|Any CPU
		{A694AE2C-5ABF-460F-B96D-0AC35D41FC57}.Release|Any CPU.ActiveCfg = Release|Any CPU
		{A694AE2C-5ABF-460F-B96D-0AC35D41FC57}.Release|Any CPU.Build.0 = Release|Any CPU
	EndGlobalSection
	GlobalSection(NestedProjects) = preSolution
		{CA12C6F1-355B-498B-8475-FC08496B04FE} = {9C57B5AA-C3DF-4500-8F0E-806780A118DF}
		{09493989-DE98-4913-AE52-A032FB004214} = {9C57B5AA-C3DF-4500-8F0E-806780A118DF}
		{493A26D1-FA7C-427E-BB05-313EA9E6EA84} = {5EBF74EC-6536-467D-BBAB-033D6F1577CA}
		{B12AA681-14AA-435B-9214-C565E5DF7910} = {5EBF74EC-6536-467D-BBAB-033D6F1577CA}
		{A694AE2C-5ABF-460F-B96D-0AC35D41FC57} = {5EBF74EC-6536-467D-BBAB-033D6F1577CA}
	EndGlobalSection
EndGlobal
